{
  "requires": true,
  "lockfileVersion": 1,
  "dependencies": {
    "react-to-webcomponent": {
      "version": "1.5.0",
      "resolved": "https://registry.npmjs.org/react-to-webcomponent/-/react-to-webcomponent-1.5.0.tgz",
      "integrity": "sha512-+gdHZf7isbbZJnrvbi3DZhwDfxu0kYkqhb3A9YnI6WmnuZYU7Fd1j3hKp4CISEj0G0pAg/yrtkZZSyHof8Zgtw=="
    }
  }
}
